
Microsoft Visual Studio Solution File, Format Version 12.00
# Visual Studio 15
VisualStudioVersion = 15.0.28307.329
MinimumVisualStudioVersion = 10.0.40219.1
Project("{FAE04EC0-301F-11D3-BF4B-00C04F79EFBC}") = "ManageApi", "ManageApi\ManageApi.csproj", "{5089D98E-7B57-4E9B-8301-7838A40069AD}"
EndProject
Global
	GlobalSection(SolutionConfigurationPlatforms) = preSolution
		Debug|Any CPU = Debug|Any CPU
		Release|Any CPU = Release|Any CPU
	EndGlobalSection
	GlobalSection(ProjectConfigurationPlatforms) = postSolution
		{5089D98E-7B57-4E9B-8301-7838A40069AD}.Debug|Any CPU.ActiveCfg = Debug|Any CPU
		{5089D98E-7B57-4E9B-8301-7838A40069AD}.Debug|Any CPU.Build.0 = Debug|Any CPU
		{5089D98E-7B57-4E9B-8301-7838A40069AD}.Release|Any CPU.ActiveCfg = Release|Any CPU
		{5089D98E-7B57-4E9B-8301-7838A40069AD}.Release|Any CPU.Build.0 = Release|Any CPU
	EndGlobalSection
	GlobalSection(SolutionProperties) = preSolution
		HideSolutionNode = FALSE
	EndGlobalSection
	GlobalSection(ExtensibilityGlobals) = postSolution
		SolutionGuid = {D525FB27-7823-48E9-8392-7E9C64D14ADF}
	EndGlobalSection
EndGlobal
